// !$*UTF8*$!
{
	archiveVersion = 1;
	classes = {
	};
	objectVersion = 46;
	objects = {

/* Begin PBXBuildFile section */
		29F388B41AE1EB3100B23255 /* AppDelegate.swift in Sources */ = {isa = PBXBuildFile; fileRef = 29F388B31AE1EB3100B23255 /* AppDelegate.swift */; };
		29F388B61AE1EB3100B23255 /* ViewController.swift in Sources */ = {isa = PBXBuildFile; fileRef = 29F388B51AE1EB3100B23255 /* ViewController.swift */; };
		29F388B91AE1EB3100B23255 /* Main.storyboard in Resources */ = {isa = PBXBuildFile; fileRef = 29F388B71AE1EB3100B23255 /* Main.storyboard */; };
		29F388BB1AE1EB3100B23255 /* Images.xcassets in Resources */ = {isa = PBXBuildFile; fileRef = 29F388BA1AE1EB3100B23255 /* Images.xcassets */; };
		29F388BE1AE1EB3100B23255 /* LaunchScreen.xib in Resources */ = {isa = PBXBuildFile; fileRef = 29F388BC1AE1EB3100B23255 /* LaunchScreen.xib */; };
		29F388CA1AE1EB3100B23255 /* TipCalculatorTests.swift in Sources */ = {isa = PBXBuildFile; fileRef = 29F388C91AE1EB3100B23255 /* TipCalculatorTests.swift */; };
/* End PBXBuildFile section */

/* Begin PBXContainerItemProxy section */
		29F388C41AE1EB3100B23255 /* PBXContainerItemProxy */ = {
			isa = PBXContainerItemProxy;
			containerPortal = 29F388A61AE1EB3100B23255 /* Project object */;
			proxyType = 1;
			remoteGlobalIDString = 29F388AD1AE1EB3100B23255;
			remoteInfo = TipCalculator;
		};
/* End PBXContainerItemProxy section */

/* Begin PBXFileReference section */
		29F388AE1AE1EB3100B23255 /* TipCalculator.app */ = {isa = PBXFileReference; explicitFileType = wrapper.application; includeInIndex = 0; path = TipCalculator.app; sourceTree = BUILT_PRODUCTS_DIR; };
		29F388B21AE1EB3100B23255 /* Info.plist */ = {isa = PBXFileReference; lastKnownFileType = text.plist.xml; path = Info.plist; sourceTree = "<group>"; };
		29F388B31AE1EB3100B23255 /* AppDelegate.swift */ = {isa = PBXFileReference; lastKnownFileType = sourcecode.swift; path = AppDelegate.swift; sourceTree = "<group>"; };
		29F388B51AE1EB3100B23255 /* ViewController.swift */ = {isa = PBXFileReference; lastKnownFileType = sourcecode.swift; path = ViewController.swift; sourceTree = "<group>"; };
		29F388B81AE1EB3100B23255 /* Base */ = {isa = PBXFileReference; lastKnownFileType = file.storyboard; name = Base; path = Base.lproj/Main.storyboard; sourceTree = "<group>"; };
		29F388BA1AE1EB3100B23255 /* Images.xcassets */ = {isa = PBXFileReference; lastKnownFileType = folder.assetcatalog; path = Images.xcassets; sourceTree = "<group>"; };
		29F388BD1AE1EB3100B23255 /* Base */ = {isa = PBXFileReference; lastKnownFileType = file.xib; name = Base; path = Base.lproj/LaunchScreen.xib; sourceTree = "<group>"; };
		29F388C31AE1EB3100B23255 /* TipCalculatorTests.xctest */ = {isa = PBXFileReference; explicitFileType = wrapper.cfbundle; includeInIndex = 0; path = TipCalculatorTests.xctest; sourceTree = BUILT_PRODUCTS_DIR; };
		29F388C81AE1EB3100B23255 /* Info.plist */ = {isa = PBXFileReference; lastKnownFileType = text.plist.xml; path = Info.plist; sourceTree = "<group>"; };
		29F388C91AE1EB3100B23255 /* TipCalculatorTests.swift */ = {isa = PBXFileReference; lastKnownFileType = sourcecode.swift; path = TipCalculatorTests.swift; sourceTree = "<group>"; };
/* End PBXFileReference section */

/* Begin PBXFrameworksBuildPhase section */
		29F388AB1AE1EB3100B23255 /* Frameworks */ = {
			isa = PBXFrameworksBuildPhase;
			buildActionMask = 2147483647;
			files = (
			);
			runOnlyForDeploymentPostprocessing = 0;
		};
		29F388C01AE1EB3100B23255 /* Frameworks */ = {
			isa = PBXFrameworksBuildPhase;
			buildActionMask = 2147483647;
			files = (
			);
			runOnlyForDeploymentPostprocessing = 0;
		};
/* End PBXFrameworksBuildPhase section */

/* Begin PBXGroup section */
		29F388A51AE1EB3100B23255 = {
			isa = PBXGroup;
			children = (
				29F388B01AE1EB3100B23255 /* TipCalculator */,
				29F388C61AE1EB3100B23255 /* TipCalculatorTests */,
				29F388AF1AE1EB3100B23255 /* Products */,
			);
			sourceTree = "<group>";
		};
		29F388AF1AE1EB3100B23255 /* Products */ = {
			isa = PBXGroup;
			children = (
				29F388AE1AE1EB3100B23255 /* TipCalculator.app */,
				29F388C31AE1EB3100B23255 /* TipCalculatorTests.xctest */,
			);
			name = Products;
			sourceTree = "<group>";
		};
		29F388B01AE1EB3100B23255 /* TipCalculator */ = {
			isa = PBXGroup;
			children = (
				29F388B31AE1EB3100B23255 /* AppDelegate.swift */,
				29F388B51AE1EB3100B23255 /* ViewController.swift */,
				29F388B71AE1EB3100B23255 /* Main.storyboard */,
				29F388BA1AE1EB3100B23255 /* Images.xcassets */,
				29F388BC1AE1EB3100B23255 /* LaunchScreen.xib */,
				29F388B11AE1EB3100B23255 /* Supporting Files */,
			);
			path = TipCalculator;
			sourceTree = "<group>";
		};
		29F388B11AE1EB3100B23255 /* Supporting Files */ = {
			isa = PBXGroup;
			children = (
				29F388B21AE1EB3100B23255 /* Info.plist */,
			);
			name = "Supporting Files";
			sourceTree = "<group>";
		};
		29F388C61AE1EB3100B23255 /* TipCalculatorTests */ = {
			isa = PBXGroup;
			children = (
				29F388C91AE1EB3100B23255 /* TipCalculatorTests.swift */,
				29F388C71AE1EB3100B23255 /* Supporting Files */,
			);
			path = TipCalculatorTests;
			sourceTree = "<group>";
		};
		29F388C71AE1EB3100B23255 /* Supporting Files */ = {
			isa = PBXGroup;
			children = (
				29F388C81AE1EB3100B23255 /* Info.plist */,
			);
			name = "Supporting Files";
			sourceTree = "<group>";
		};
/* End PBXGroup section */

/* Begin PBXNativeTarget section */
		29F388AD1AE1EB3100B23255 /* TipCalculator */ = {
			isa = PBXNativeTarget;
			buildConfigurationList = 29F388CD1AE1EB3100B23255 /* Build configuration list for PBXNativeTarget "TipCalculator" */;
			buildPhases = (
				29F388AA1AE1EB3100B23255 /* Sources */,
				29F388AB1AE1EB3100B23255 /* Frameworks */,
				29F388AC1AE1EB3100B23255 /* Resources */,
			);
			buildRules = (
			);
			dependencies = (
			);
			name = TipCalculator;
			productName = TipCalculator;
			productReference = 29F388AE1AE1EB3100B23255 /* TipCalculator.app */;
			productType = "com.apple.product-type.application";
		};
		29F388C21AE1EB3100B23255 /* TipCalculatorTests */ = {
			isa = PBXNativeTarget;
			buildConfigurationList = 29F388D01AE1EB3100B23255 /* Build configuration list for PBXNativeTarget "TipCalculatorTests" */;
			buildPhases = (
				29F388BF1AE1EB3100B23255 /* Sources */,
				29F388C01AE1EB3100B23255 /* Frameworks */,
				29F388C11AE1EB3100B23255 /* Resources */,
			);
			buildRules = (
			);
			dependencies = (
				29F388C51AE1EB3100B23255 /* PBXTargetDependency */,
			);
			name = TipCalculatorTests;
			productName = TipCalculatorTests;
			productReference = 29F388C31AE1EB3100B23255 /* TipCalculatorTests.xctest */;
			productType = "com.apple.product-type.bundle.unit-test";
		};
/* End PBXNativeTarget section */

/* Begin PBXProject section */
		29F388A61AE1EB3100B23255 /* Project object */ = {
			isa = PBXProject;
			attributes = {
				LastUpgradeCheck = 0630;
				ORGANIZATIONNAME = "Octet 8 Pty Ltd";
				TargetAttributes = {
					29F388AD1AE1EB3100B23255 = {
						CreatedOnToolsVersion = 6.3;
					};
					29F388C21AE1EB3100B23255 = {
						CreatedOnToolsVersion = 6.3;
						TestTargetID = 29F388AD1AE1EB3100B23255;
					};
				};
			};
			buildConfigurationList = 29F388A91AE1EB3100B23255 /* Build configuration list for PBXProject "TipCalculator" */;
			compatibilityVersion = "Xcode 3.2";
			developmentRegion = English;
			hasScannedForEncodings = 0;
			knownRegions = (
				en,
				Base,
			);
			mainGroup = 29F388A51AE1EB3100B23255;
			productRefGroup = 29F388AF1AE1EB3100B23255 /* Products */;
			projectDirPath = "";
			projectRoot = "";
			targets = (
				29F388AD1AE1EB3100B23255 /* TipCalculator */,
				29F388C21AE1EB3100B23255 /* TipCalculatorTests */,
			);
		};
/* End PBXProject section */

/* Begin PBXResourcesBuildPhase section */
		29F388AC1AE1EB3100B23255 /* Resources */ = {
			isa = PBXResourcesBuildPhase;
			buildActionMask = 2147483647;
			files = (
				29F388B91AE1EB3100B23255 /* Main.storyboard in Resources */,
				29F388BE1AE1EB3100B23255 /* LaunchScreen.xib in Resources */,
				29F388BB1AE1EB3100B23255 /* Images.xcassets in Resources */,
			);
			runOnlyForDeploymentPostprocessing = 0;
		};
		29F388C11AE1EB3100B23255 /* Resources */ = {
			isa = PBXResourcesBuildPhase;
			buildActionMask = 2147483647;
			files = (
			);
			runOnlyForDeploymentPostprocessing = 0;
		};
/* End PBXResourcesBuildPhase section */

/* Begin PBXSourcesBuildPhase section */
		29F388AA1AE1EB3100B23255 /* Sources */ = {
			isa = PBXSourcesBuildPhase;
			buildActionMask = 2147483647;
			files = (
				29F388B61AE1EB3100B23255 /* ViewController.swift in Sources */,
				29F388B41AE1EB3100B23255 /* AppDelegate.swift in Sources */,
			);
			runOnlyForDeploymentPostprocessing = 0;
		};
		29F388BF1AE1EB3100B23255 /* Sources */ = {
			isa = PBXSourcesBuildPhase;
			buildActionMask = 2147483647;
			files = (
				29F388CA1AE1EB3100B23255 /* TipCalculatorTests.swift in Sources */,
			);
			runOnlyForDeploymentPostprocessing = 0;
		};
/* End PBXSourcesBuildPhase section */

/* Begin PBXTargetDependency section */
		29F388C51AE1EB3100B23255 /* PBXTargetDependency */ = {
			isa = PBXTargetDependency;
			target = 29F388AD1AE1EB3100B23255 /* TipCalculator */;
			targetProxy = 29F388C41AE1EB3100B23255 /* PBXContainerItemProxy */;
		};
/* End PBXTargetDependency section */

/* Begin PBXVariantGroup section */
		29F388B71AE1EB3100B23255 /* Main.storyboard */ = {
			isa = PBXVariantGroup;
			children = (
				29F388B81AE1EB3100B23255 /* Base */,
			);
			name = Main.storyboard;
			sourceTree = "<group>";
		};
		29F388BC1AE1EB3100B23255 /* LaunchScreen.xib */ = {
			isa = PBXVariantGroup;
			children = (
				29F388BD1AE1EB3100B23255 /* Base */,
			);
			name = LaunchScreen.xib;
			sourceTree = "<group>";
		};
/* End PBXVariantGroup section */

/* Begin XCBuildConfiguration section */
		29F388CB1AE1EB3100B23255 /* Debug */ = {
			isa = XCBuildConfiguration;
			buildSettings = {
				ALWAYS_SEARCH_USER_PATHS = NO;
				CLANG_CXX_LANGUAGE_STANDARD = "gnu++0x";
				CLANG_CXX_LIBRARY = "libc++";
				CLANG_ENABLE_MODULES = YES;
				CLANG_ENABLE_OBJC_ARC = YES;
				CLANG_WARN_BOOL_CONVERSION = YES;
				CLANG_WARN_CONSTANT_CONVERSION = YES;
				CLANG_WARN_DIRECT_OBJC_ISA_USAGE = YES_ERROR;
				CLANG_WARN_EMPTY_BODY = YES;
				CLANG_WARN_ENUM_CONVERSION = YES;
				CLANG_WARN_INT_CONVERSION = YES;
				CLANG_WARN_OBJC_ROOT_CLASS = YES_ERROR;
				CLANG_WARN_UNREACHABLE_CODE = YES;
				CLANG_WARN__DUPLICATE_METHOD_MATCH = YES;
				"CODE_SIGN_IDENTITY[sdk=iphoneos*]" = "iPhone Developer";
				COPY_PHASE_STRIP = NO;
				DEBUG_INFORMATION_FORMAT = "dwarf-with-dsym";
				ENABLE_STRICT_OBJC_MSGSEND = YES;
				GCC_C_LANGUAGE_STANDARD = gnu99;
				GCC_DYNAMIC_NO_PIC = NO;
				GCC_NO_COMMON_BLOCKS = YES;
				GCC_OPTIMIZATION_LEVEL = 0;
				GCC_PREPROCESSOR_DEFINITIONS = (
					"DEBUG=1",
					"$(inherited)",
				);
				GCC_SYMBOLS_PRIVATE_EXTERN = NO;
				GCC_WARN_64_TO_32_BIT_CONVERSION = YES;
				GCC_WARN_ABOUT_RETURN_TYPE = YES_ERROR;
				GCC_WARN_UNDECLARED_SELECTOR = YES;
				GCC_WARN_UNINITIALIZED_AUTOS = YES_AGGRESSIVE;
				GCC_WARN_UNUSED_FUNCTION = YES;
				GCC_WARN_UNUSED_VARIABLE = YES;
				IPHONEOS_DEPLOYMENT_TARGET = 8.3;
				MTL_ENABLE_DEBUG_INFO = YES;
				ONLY_ACTIVE_ARCH = YES;
				SDKROOT = iphoneos;
				SWIFT_OPTIMIZATION_LEVEL = "-Onone";
			};
			name = Debug;
		};
		29F388CC1AE1EB3100B23255 /* Release */ = {
			isa = XCBuildConfiguration;
			buildSettings = {
				ALWAYS_SEARCH_USER_PATHS = NO;
				CLANG_CXX_LANGUAGE_STANDARD = "gnu++0x";
				CLANG_CXX_LIBRARY = "libc++";
				CLANG_ENABLE_MODULES = YES;
				CLANG_ENABLE_OBJC_ARC = YES;
				CLANG_WARN_BOOL_CONVERSION = YES;
				CLANG_WARN_CONSTANT_CONVERSION = YES;
				CLANG_WARN_DIRECT_OBJC_ISA_USAGE = YES_ERROR;
				CLANG_WARN_EMPTY_BODY = YES;
				CLANG_WARN_ENUM_CONVERSION = YES;
				CLANG_WARN_INT_CONVERSION = YES;
				CLANG_WARN_OBJC_ROOT_CLASS = YES_ERROR;
				CLANG_WARN_UNREACHABLE_CODE = YES;
				CLANG_WARN__DUPLICATE_METHOD_MATCH = YES;
				"CODE_SIGN_IDENTITY[sdk=iphoneos*]" = "iPhone Developer";
				COPY_PHASE_STRIP = NO;
				DEBUG_INFORMATION_FORMAT = "dwarf-with-dsym";
				ENABLE_NS_ASSERTIONS = NO;
				ENABLE_STRICT_OBJC_MSGSEND = YES;
				GCC_C_LANGUAGE_STANDARD = gnu99;
				GCC_NO_COMMON_BLOCKS = YES;
				GCC_WARN_64_TO_32_BIT_CONVERSION = YES;
				GCC_WARN_ABOUT_RETURN_TYPE = YES_ERROR;
				GCC_WARN_UNDECLARED_SELECTOR = YES;
				GCC_WARN_UNINITIALIZED_AUTOS = YES_AGGRESSIVE;
				GCC_WARN_UNUSED_FUNCTION = YES;
				GCC_WARN_UNUSED_VARIABLE = YES;
				IPHONEOS_DEPLOYMENT_TARGET = 8.3;
				MTL_ENABLE_DEBUG_INFO = NO;
				SDKROOT = iphoneos;
				VALIDATE_PRODUCT = YES;
			};
			name = Release;
		};
		29F388CE1AE1EB3100B23255 /* Debug */ = {
			isa = XCBuildConfiguration;
			buildSettings = {
				ASSETCATALOG_COMPILER_APPICON_NAME = AppIcon;
				INFOPLIST_FILE = TipCalculator/Info.plist;
				LD_RUNPATH_SEARCH_PATHS = "$(inherited) @executable_path/Frameworks";
				PRODUCT_NAME = "$(TARGET_NAME)";
			};
			name = Debug;
		};
		29F388CF1AE1EB3100B23255 /* Release */ = {
			isa = XCBuildConfiguration;
			buildSettings = {
				ASSETCATALOG_COMPILER_APPICON_NAME = AppIcon;
				INFOPLIST_FILE = TipCalculator/Info.plist;
				LD_RUNPATH_SEARCH_PATHS = "$(inherited) @executable_path/Frameworks";
				PRODUCT_NAME = "$(TARGET_NAME)";
			};
			name = Release;
		};
		29F388D11AE1EB3100B23255 /* Debug */ = {
			isa = XCBuildConfiguration;
			buildSettings = {
				BUNDLE_LOADER = "$(TEST_HOST)";
				FRAMEWORK_SEARCH_PATHS = (
					"$(SDKROOT)/Developer/Library/Frameworks",
					"$(inherited)",
				);
				GCC_PREPROCESSOR_DEFINITIONS = (
					"DEBUG=1",
					"$(inherited)",
				);
				INFOPLIST_FILE = TipCalculatorTests/Info.plist;
				LD_RUNPATH_SEARCH_PATHS = "$(inherited) @executable_path/Frameworks @loader_path/Frameworks";
				PRODUCT_NAME = "$(TARGET_NAME)";
				TEST_HOST = "$(BUILT_PRODUCTS_DIR)/TipCalculator.app/TipCalculator";
			};
			name = Debug;
		};
		29F388D21AE1EB3100B23255 /* Release */ = {
			isa = XCBuildConfiguration;
			buildSettings = {
				BUNDLE_LOADER = "$(TEST_HOST)";
				FRAMEWORK_SEARCH_PATHS = (
					"$(SDKROOT)/Developer/Library/Frameworks",
					"$(inherited)",
				);
				INFOPLIST_FILE = TipCalculatorTests/Info.plist;
				LD_RUNPATH_SEARCH_PATHS = "$(inherited) @executable_path/Frameworks @loader_path/Frameworks";
				PRODUCT_NAME = "$(TARGET_NAME)";
				TEST_HOST = "$(BUILT_PRODUCTS_DIR)/TipCalculator.app/TipCalculator";
			};
			name = Release;
		};
/* End XCBuildConfiguration section */

/* Begin XCConfigurationList section */
		29F388A91AE1EB3100B23255 /* Build configuration list for PBXProject "TipCalculator" */ = {
			isa = XCConfigurationList;
			buildConfigurations = (
				29F388CB1AE1EB3100B23255 /* Debug */,
				29F388CC1AE1EB3100B23255 /* Release */,
			);
			defaultConfigurationIsVisible = 0;
			defaultConfigurationName = Release;
		};
		29F388CD1AE1EB3100B23255 /* Build configuration list for PBXNativeTarget "TipCalculator" */ = {
			isa = XCConfigurationList;
			buildConfigurations = (
				29F388CE1AE1EB3100B23255 /* Debug */,
				29F388CF1AE1EB3100B23255 /* Release */,
			);
			defaultConfigurationIsVisible = 0;
		};
		29F388D01AE1EB3100B23255 /* Build configuration list for PBXNativeTarget "TipCalculatorTests" */ = {
			isa = XCConfigurationList;
			buildConfigurations = (
				29F388D11AE1EB3100B23255 /* Debug */,
				29F388D21AE1EB3100B23255 /* Release */,
			);
			defaultConfigurationIsVisible = 0;
		};
/* End XCConfigurationList section */
	};
	rootObject = 29F388A61AE1EB3100B23255 /* Project object */;
}
